PODS:
  - Flutter (1.0.0)
  - razorpay-core-pod (1.0.9)
  - razorpay-pod (1.5.8):
    - razorpay-core-pod (= 1.0.9)
  - razorpay_flutter (1.1.10):
    - Flutter
    - razorpay-pod

DEPENDENCIES:
  - Flutter (from `Flutter`)
  - razorpay_flutter (from `.symlinks/plugins/razorpay_flutter/ios`)

SPEC REPOS:
  trunk:
    - razorpay-core-pod
    - razorpay-pod

EXTERNAL SOURCES:
  Flutter:
    :path: Flutter
  razorpay_flutter:
    :path: ".symlinks/plugins/razorpay_flutter/ios"

SPEC CHECKSUMS:
  Flutter: cabc95a1d2626b1b06e7179b784ebcf0c0cde467
  razorpay-core-pod: 7ecea8ed3c47751e6a958f6c88126ea068f8c8fc
  razorpay-pod: 3fc296eacb28a059c55144286ea7c04d33d894f5
  razorpay_flutter: 0e98e4fcaae27ad50e011d85f66d85e0a008754a

PODFILE CHECKSUM: 7c60bec3cd991f2f7e705cc104df32d45a017996

COCOAPODS: 1.16.2
